// !$*UTF8*$!
{
	archiveVersion = 1;
	classes = {
	};
	objectVersion = 56;
	objects = {

/* Begin PBXBuildFile section */
		99490FC92D40FC0F0030208E /* PermissionManager.swift in Sources */ = {isa = PBXBuildFile; fileRef = 99490FC82D40FC0F0030208E /* PermissionManager.swift */; };
		9964B4CE2D489DFF001887F4 /* PurchaseManager.swift in Sources */ = {isa = PBXBuildFile; fileRef = 9964B4CD2D489DFF001887F4 /* PurchaseManager.swift */; };
		998906942D33F54800E0A4B4 /* Travel_with_AIApp.swift in Sources */ = {isa = PBXBuildFile; fileRef = 998906932D33F54800E0A4B4 /* Travel_with_AIApp.swift */; };
		998906962D33F54800E0A4B4 /* ContentView.swift in Sources */ = {isa = PBXBuildFile; fileRef = 998906952D33F54800E0A4B4 /* ContentView.swift */; };
		998906982D33F54900E0A4B4 /* Assets.xcassets in Resources */ = {isa = PBXBuildFile; fileRef = 998906972D33F54900E0A4B4 /* Assets.xcassets */; };
		9989069B2D33F54900E0A4B4 /* Preview Assets.xcassets in Resources */ = {isa = PBXBuildFile; fileRef = 9989069A2D33F54900E0A4B4 /* Preview Assets.xcassets */; };
		998906A22D33F66D00E0A4B4 /* MainViewModel.swift in Sources */ = {isa = PBXBuildFile; fileRef = 998906A12D33F66D00E0A4B4 /* MainViewModel.swift */; };
		998906A42D34033A00E0A4B4 /* ImagesRepository.swift in Sources */ = {isa = PBXBuildFile; fileRef = 998906A32D34033A00E0A4B4 /* ImagesRepository.swift */; };
		998906AE2D34DC1E00E0A4B4 /* GenerativeModelRepository.swift in Sources */ = {isa = PBXBuildFile; fileRef = 998906AD2D34DC1E00E0A4B4 /* GenerativeModelRepository.swift */; };
		998906B02D34F10B00E0A4B4 /* RemoteConfigRepository.swift in Sources */ = {isa = PBXBuildFile; fileRef = 998906AF2D34F10B00E0A4B4 /* RemoteConfigRepository.swift */; };
		998906B32D350ABF00E0A4B4 /* FirebaseRemoteConfig in Frameworks */ = {isa = PBXBuildFile; productRef = 998906B22D350ABF00E0A4B4 /* FirebaseRemoteConfig */; };
		998906BE2D350FFF00E0A4B4 /* GoogleService-Info.plist in Resources */ = {isa = PBXBuildFile; fileRef = 998906BD2D350FFF00E0A4B4 /* GoogleService-Info.plist */; };
		998906C02D354D5500E0A4B4 /* LocationRepository.swift in Sources */ = {isa = PBXBuildFile; fileRef = 998906BF2D354D5500E0A4B4 /* LocationRepository.swift */; };
/* End PBXBuildFile section */

/* Begin PBXFileReference section */
		99490FC82D40FC0F0030208E /* PermissionManager.swift */ = {isa = PBXFileReference; lastKnownFileType = sourcecode.swift; path = PermissionManager.swift; sourceTree = "<group>"; };
		9964B4CD2D489DFF001887F4 /* PurchaseManager.swift */ = {isa = PBXFileReference; lastKnownFileType = sourcecode.swift; path = PurchaseManager.swift; sourceTree = "<group>"; };
		998906902D33F54800E0A4B4 /* Travel with AI.app */ = {isa = PBXFileReference; explicitFileType = wrapper.application; includeInIndex = 0; path = "Travel with AI.app"; sourceTree = BUILT_PRODUCTS_DIR; };
		998906932D33F54800E0A4B4 /* Travel_with_AIApp.swift */ = {isa = PBXFileReference; lastKnownFileType = sourcecode.swift; path = Travel_with_AIApp.swift; sourceTree = "<group>"; };
		998906952D33F54800E0A4B4 /* ContentView.swift */ = {isa = PBXFileReference; lastKnownFileType = sourcecode.swift; path = ContentView.swift; sourceTree = "<group>"; };
		998906972D33F54900E0A4B4 /* Assets.xcassets */ = {isa = PBXFileReference; lastKnownFileType = folder.assetcatalog; path = Assets.xcassets; sourceTree = "<group>"; };
		9989069A2D33F54900E0A4B4 /* Preview Assets.xcassets */ = {isa = PBXFileReference; lastKnownFileType = folder.assetcatalog; path = "Preview Assets.xcassets"; sourceTree = "<group>"; };
		998906A12D33F66D00E0A4B4 /* MainViewModel.swift */ = {isa = PBXFileReference; lastKnownFileType = sourcecode.swift; path = MainViewModel.swift; sourceTree = "<group>"; };
		998906A32D34033A00E0A4B4 /* ImagesRepository.swift */ = {isa = PBXFileReference; lastKnownFileType = sourcecode.swift; path = ImagesRepository.swift; sourceTree = "<group>"; };
		998906AD2D34DC1E00E0A4B4 /* GenerativeModelRepository.swift */ = {isa = PBXFileReference; lastKnownFileType = sourcecode.swift; path = GenerativeModelRepository.swift; sourceTree = "<group>"; };
		998906AF2D34F10B00E0A4B4 /* RemoteConfigRepository.swift */ = {isa = PBXFileReference; lastKnownFileType = sourcecode.swift; path = RemoteConfigRepository.swift; sourceTree = "<group>"; };
		998906BD2D350FFF00E0A4B4 /* GoogleService-Info.plist */ = {isa = PBXFileReference; fileEncoding = 4; lastKnownFileType = text.plist.xml; path = "GoogleService-Info.plist"; sourceTree = "<group>"; };
		998906BF2D354D5500E0A4B4 /* LocationRepository.swift */ = {isa = PBXFileReference; lastKnownFileType = sourcecode.swift; path = LocationRepository.swift; sourceTree = "<group>"; };
/* End PBXFileReference section */

/* Begin PBXFrameworksBuildPhase section */
		9989068D2D33F54800E0A4B4 /* Frameworks */ = {
			isa = PBXFrameworksBuildPhase;
			buildActionMask = 2147483647;
			files = (
				998906B32D350ABF00E0A4B4 /* FirebaseRemoteConfig in Frameworks */,
			);
			runOnlyForDeploymentPostprocessing = 0;
		};
/* End PBXFrameworksBuildPhase section */

/* Begin PBXGroup section */
		998906872D33F54800E0A4B4 = {
			isa = PBXGroup;
			children = (
				998906922D33F54800E0A4B4 /* Travel with AI */,
				998906912D33F54800E0A4B4 /* Products */,
			);
			sourceTree = "<group>";
		};
		998906912D33F54800E0A4B4 /* Products */ = {
			isa = PBXGroup;
			children = (
				998906902D33F54800E0A4B4 /* Travel with AI.app */,
			);
			name = Products;
			sourceTree = "<group>";
		};
		998906922D33F54800E0A4B4 /* Travel with AI */ = {
			isa = PBXGroup;
			children = (
				998906932D33F54800E0A4B4 /* Travel_with_AIApp.swift */,
				998906952D33F54800E0A4B4 /* ContentView.swift */,
				998906A12D33F66D00E0A4B4 /* MainViewModel.swift */,
				998906A32D34033A00E0A4B4 /* ImagesRepository.swift */,
				998906AF2D34F10B00E0A4B4 /* RemoteConfigRepository.swift */,
				998906BF2D354D5500E0A4B4 /* LocationRepository.swift */,
				998906AD2D34DC1E00E0A4B4 /* GenerativeModelRepository.swift */,
				99490FC82D40FC0F0030208E /* PermissionManager.swift */,
				9964B4CD2D489DFF001887F4 /* PurchaseManager.swift */,
				998906972D33F54900E0A4B4 /* Assets.xcassets */,
				998906BD2D350FFF00E0A4B4 /* GoogleService-Info.plist */,
				998906992D33F54900E0A4B4 /* Preview Content */,
			);
			path = "Travel with AI";
			sourceTree = "<group>";
		};
		998906992D33F54900E0A4B4 /* Preview Content */ = {
			isa = PBXGroup;
			children = (
				9989069A2D33F54900E0A4B4 /* Preview Assets.xcassets */,
			);
			path = "Preview Content";
			sourceTree = "<group>";
		};
/* End PBXGroup section */

/* Begin PBXNativeTarget section */
		9989068F2D33F54800E0A4B4 /* Travel with AI */ = {
			isa = PBXNativeTarget;
			buildConfigurationList = 9989069E2D33F54900E0A4B4 /* Build configuration list for PBXNativeTarget "Travel with AI" */;
			buildPhases = (
				9989068C2D33F54800E0A4B4 /* Sources */,
				9989068D2D33F54800E0A4B4 /* Frameworks */,
				9989068E2D33F54800E0A4B4 /* Resources */,
			);
			buildRules = (
			);
			dependencies = (
			);
			name = "Travel with AI";
			packageProductDependencies = (
				998906B22D350ABF00E0A4B4 /* FirebaseRemoteConfig */,
			);
			productName = "Travel with AI";
			productReference = 998906902D33F54800E0A4B4 /* Travel with AI.app */;
			productType = "com.apple.product-type.application";
		};
/* End PBXNativeTarget section */

/* Begin PBXProject section */
		998906882D33F54800E0A4B4 /* Project object */ = {
			isa = PBXProject;
			attributes = {
				BuildIndependentTargetsInParallel = 1;
				LastSwiftUpdateCheck = 1530;
				LastUpgradeCheck = 1530;
				TargetAttributes = {
					9989068F2D33F54800E0A4B4 = {
						CreatedOnToolsVersion = 15.3;
					};
				};
			};
			buildConfigurationList = 9989068B2D33F54800E0A4B4 /* Build configuration list for PBXProject "Travel with AI" */;
			compatibilityVersion = "Xcode 14.0";
			developmentRegion = en;
			hasScannedForEncodings = 0;
			knownRegions = (
				en,
				Base,
			);
			mainGroup = 998906872D33F54800E0A4B4;
			packageReferences = (
				998906B12D350ABF00E0A4B4 /* XCRemoteSwiftPackageReference "firebase-ios-sdk" */,
			);
			productRefGroup = 998906912D33F54800E0A4B4 /* Products */;
			projectDirPath = "";
			projectRoot = "";
			targets = (
				9989068F2D33F54800E0A4B4 /* Travel with AI */,
			);
		};
/* End PBXProject section */

/* Begin PBXResourcesBuildPhase section */
		9989068E2D33F54800E0A4B4 /* Resources */ = {
			isa = PBXResourcesBuildPhase;
			buildActionMask = 2147483647;
			files = (
				9989069B2D33F54900E0A4B4 /* Preview Assets.xcassets in Resources */,
				998906982D33F54900E0A4B4 /* Assets.xcassets in Resources */,
				998906BE2D350FFF00E0A4B4 /* GoogleService-Info.plist in Resources */,
			);
			runOnlyForDeploymentPostprocessing = 0;
		};
/* End PBXResourcesBuildPhase section */

/* Begin PBXSourcesBuildPhase section */
		9989068C2D33F54800E0A4B4 /* Sources */ = {
			isa = PBXSourcesBuildPhase;
			buildActionMask = 2147483647;
			files = (
				998906962D33F54800E0A4B4 /* ContentView.swift in Sources */,
				9964B4CE2D489DFF001887F4 /* PurchaseManager.swift in Sources */,
				99490FC92D40FC0F0030208E /* PermissionManager.swift in Sources */,
				998906B02D34F10B00E0A4B4 /* RemoteConfigRepository.swift in Sources */,
				998906C02D354D5500E0A4B4 /* LocationRepository.swift in Sources */,
				998906942D33F54800E0A4B4 /* Travel_with_AIApp.swift in Sources */,
				998906A22D33F66D00E0A4B4 /* MainViewModel.swift in Sources */,
				998906AE2D34DC1E00E0A4B4 /* GenerativeModelRepository.swift in Sources */,
				998906A42D34033A00E0A4B4 /* ImagesRepository.swift in Sources */,
			);
			runOnlyForDeploymentPostprocessing = 0;
		};
/* End PBXSourcesBuildPhase section */

/* Begin XCBuildConfiguration section */
		9989069C2D33F54900E0A4B4 /* Debug */ = {
			isa = XCBuildConfiguration;
			buildSettings = {
				ALWAYS_SEARCH_USER_PATHS = NO;
				ASSETCATALOG_COMPILER_GENERATE_SWIFT_ASSET_SYMBOL_EXTENSIONS = YES;
				CLANG_ANALYZER_NONNULL = YES;
				CLANG_ANALYZER_NUMBER_OBJECT_CONVERSION = YES_AGGRESSIVE;
				CLANG_CXX_LANGUAGE_STANDARD = "gnu++20";
				CLANG_ENABLE_MODULES = YES;
				CLANG_ENABLE_OBJC_ARC = YES;
				CLANG_ENABLE_OBJC_WEAK = YES;
				CLANG_WARN_BLOCK_CAPTURE_AUTORELEASING = YES;
				CLANG_WARN_BOOL_CONVERSION = YES;
				CLANG_WARN_COMMA = YES;
				CLANG_WARN_CONSTANT_CONVERSION = YES;
				CLANG_WARN_DEPRECATED_OBJC_IMPLEMENTATIONS = YES;
				CLANG_WARN_DIRECT_OBJC_ISA_USAGE = YES_ERROR;
				CLANG_WARN_DOCUMENTATION_COMMENTS = YES;
				CLANG_WARN_EMPTY_BODY = YES;
				CLANG_WARN_ENUM_CONVERSION = YES;
				CLANG_WARN_INFINITE_RECURSION = YES;
				CLANG_WARN_INT_CONVERSION = YES;
				CLANG_WARN_NON_LITERAL_NULL_CONVERSION = YES;
				CLANG_WARN_OBJC_IMPLICIT_RETAIN_SELF = YES;
				CLANG_WARN_OBJC_LITERAL_CONVERSION = YES;
				CLANG_WARN_OBJC_ROOT_CLASS = YES_ERROR;
				CLANG_WARN_QUOTED_INCLUDE_IN_FRAMEWORK_HEADER = YES;
				CLANG_WARN_RANGE_LOOP_ANALYSIS = YES;
				CLANG_WARN_STRICT_PROTOTYPES = YES;
				CLANG_WARN_SUSPICIOUS_MOVE = YES;
				CLANG_WARN_UNGUARDED_AVAILABILITY = YES_AGGRESSIVE;
				CLANG_WARN_UNREACHABLE_CODE = YES;
				CLANG_WARN__DUPLICATE_METHOD_MATCH = YES;
				COPY_PHASE_STRIP = NO;
				DEBUG_INFORMATION_FORMAT = dwarf;
				ENABLE_STRICT_OBJC_MSGSEND = YES;
				ENABLE_TESTABILITY = YES;
				ENABLE_USER_SCRIPT_SANDBOXING = YES;
				GCC_C_LANGUAGE_STANDARD = gnu17;
				GCC_DYNAMIC_NO_PIC = NO;
				GCC_NO_COMMON_BLOCKS = YES;
				GCC_OPTIMIZATION_LEVEL = 0;
				GCC_PREPROCESSOR_DEFINITIONS = (
					"DEBUG=1",
					"$(inherited)",
				);
				GCC_WARN_64_TO_32_BIT_CONVERSION = YES;
				GCC_WARN_ABOUT_RETURN_TYPE = YES_ERROR;
				GCC_WARN_UNDECLARED_SELECTOR = YES;
				GCC_WARN_UNINITIALIZED_AUTOS = YES_AGGRESSIVE;
				GCC_WARN_UNUSED_FUNCTION = YES;
				GCC_WARN_UNUSED_VARIABLE = YES;
				IPHONEOS_DEPLOYMENT_TARGET = 17.4;
				LOCALIZATION_PREFERS_STRING_CATALOGS = YES;
				MTL_ENABLE_DEBUG_INFO = INCLUDE_SOURCE;
				MTL_FAST_MATH = YES;
				ONLY_ACTIVE_ARCH = YES;
				SDKROOT = iphoneos;
				SWIFT_ACTIVE_COMPILATION_CONDITIONS = "DEBUG $(inherited)";
				SWIFT_OPTIMIZATION_LEVEL = "-Onone";
			};
			name = Debug;
		};
		9989069D2D33F54900E0A4B4 /* Release */ = {
			isa = XCBuildConfiguration;
			buildSettings = {
				ALWAYS_SEARCH_USER_PATHS = NO;
				ASSETCATALOG_COMPILER_GENERATE_SWIFT_ASSET_SYMBOL_EXTENSIONS = YES;
				CLANG_ANALYZER_NONNULL = YES;
				CLANG_ANALYZER_NUMBER_OBJECT_CONVERSION = YES_AGGRESSIVE;
				CLANG_CXX_LANGUAGE_STANDARD = "gnu++20";
				CLANG_ENABLE_MODULES = YES;
				CLANG_ENABLE_OBJC_ARC = YES;
				CLANG_ENABLE_OBJC_WEAK = YES;
				CLANG_WARN_BLOCK_CAPTURE_AUTORELEASING = YES;
				CLANG_WARN_BOOL_CONVERSION = YES;
				CLANG_WARN_COMMA = YES;
				CLANG_WARN_CONSTANT_CONVERSION = YES;
				CLANG_WARN_DEPRECATED_OBJC_IMPLEMENTATIONS = YES;
				CLANG_WARN_DIRECT_OBJC_ISA_USAGE = YES_ERROR;
				CLANG_WARN_DOCUMENTATION_COMMENTS = YES;
				CLANG_WARN_EMPTY_BODY = YES;
				CLANG_WARN_ENUM_CONVERSION = YES;
				CLANG_WARN_INFINITE_RECURSION = YES;
				CLANG_WARN_INT_CONVERSION = YES;
				CLANG_WARN_NON_LITERAL_NULL_CONVERSION = YES;
				CLANG_WARN_OBJC_IMPLICIT_RETAIN_SELF = YES;
				CLANG_WARN_OBJC_LITERAL_CONVERSION = YES;
				CLANG_WARN_OBJC_ROOT_CLASS = YES_ERROR;
				CLANG_WARN_QUOTED_INCLUDE_IN_FRAMEWORK_HEADER = YES;
				CLANG_WARN_RANGE_LOOP_ANALYSIS = YES;
				CLANG_WARN_STRICT_PROTOTYPES = YES;
				CLANG_WARN_SUSPICIOUS_MOVE = YES;
				CLANG_WARN_UNGUARDED_AVAILABILITY = YES_AGGRESSIVE;
				CLANG_WARN_UNREACHABLE_CODE = YES;
				CLANG_WARN__DUPLICATE_METHOD_MATCH = YES;
				COPY_PHASE_STRIP = NO;
				DEBUG_INFORMATION_FORMAT = "dwarf-with-dsym";
				ENABLE_NS_ASSERTIONS = NO;
				ENABLE_STRICT_OBJC_MSGSEND = YES;
				ENABLE_USER_SCRIPT_SANDBOXING = YES;
				GCC_C_LANGUAGE_STANDARD = gnu17;
				GCC_NO_COMMON_BLOCKS = YES;
				GCC_WARN_64_TO_32_BIT_CONVERSION = YES;
				GCC_WARN_ABOUT_RETURN_TYPE = YES_ERROR;
				GCC_WARN_UNDECLARED_SELECTOR = YES;
				GCC_WARN_UNINITIALIZED_AUTOS = YES_AGGRESSIVE;
				GCC_WARN_UNUSED_FUNCTION = YES;
				GCC_WARN_UNUSED_VARIABLE = YES;
				IPHONEOS_DEPLOYMENT_TARGET = 17.4;
				LOCALIZATION_PREFERS_STRING_CATALOGS = YES;
				MTL_ENABLE_DEBUG_INFO = NO;
				MTL_FAST_MATH = YES;
				SDKROOT = iphoneos;
				SWIFT_COMPILATION_MODE = wholemodule;
				VALIDATE_PRODUCT = YES;
			};
			name = Release;
		};
		9989069F2D33F54900E0A4B4 /* Debug */ = {
			isa = XCBuildConfiguration;
			buildSettings = {
				ASSETCATALOG_COMPILER_APPICON_NAME = AppIcon;
				ASSETCATALOG_COMPILER_GLOBAL_ACCENT_COLOR_NAME = AccentColor;
				CODE_SIGN_STYLE = Automatic;
				CURRENT_PROJECT_VERSION = 3;
				DEVELOPMENT_ASSET_PATHS = "\"Travel with AI/Preview Content\"";
				DEVELOPMENT_TEAM = G929JT6V44;
				ENABLE_PREVIEWS = YES;
				GENERATE_INFOPLIST_FILE = YES;
				INFOPLIST_KEY_LSApplicationCategoryType = "public.app-category.travel";
				INFOPLIST_KEY_NSCameraUsageDescription = "The camera is required to allow the AI to view your surroundings and provide explanations based on what it sees.";
				INFOPLIST_KEY_NSLocationWhenInUseUsageDescription = "The app requires access to your location to provide tailored and context-specific responses about the place you are visiting. By using your location, the app delivers accurate and relevant information about the history, culture, and environment of your current destination. Without this, we wouldn’t be able to offer personalized insights specific to the place you're exploring, which is essential for the app’s functionality.";
				INFOPLIST_KEY_UIApplicationSceneManifest_Generation = YES;
				INFOPLIST_KEY_UIApplicationSupportsIndirectInputEvents = YES;
				INFOPLIST_KEY_UILaunchScreen_Generation = YES;
				INFOPLIST_KEY_UISupportedInterfaceOrientations_iPad = "UIInterfaceOrientationPortrait UIInterfaceOrientationPortraitUpsideDown UIInterfaceOrientationLandscapeLeft UIInterfaceOrientationLandscapeRight";
				INFOPLIST_KEY_UISupportedInterfaceOrientations_iPhone = "UIInterfaceOrientationPortrait UIInterfaceOrientationLandscapeLeft UIInterfaceOrientationLandscapeRight";
				LD_RUNPATH_SEARCH_PATHS = (
					"$(inherited)",
					"@executable_path/Frameworks",
				);
				MARKETING_VERSION = 1.2;
				PRODUCT_BUNDLE_IDENTIFIER = "Dreamcatcher-Mobile-Apps.Travel-with-AI";
				PRODUCT_NAME = "$(TARGET_NAME)";
				SUPPORTED_PLATFORMS = "iphoneos iphonesimulator";
				SUPPORTS_MACCATALYST = NO;
				SUPPORTS_MAC_DESIGNED_FOR_IPHONE_IPAD = NO;
				SUPPORTS_XR_DESIGNED_FOR_IPHONE_IPAD = NO;
				SWIFT_EMIT_LOC_STRINGS = YES;
				SWIFT_VERSION = 5.0;
				TARGETED_DEVICE_FAMILY = 1;
			};
			name = Debug;
		};
		998906A02D33F54900E0A4B4 /* Release */ = {
			isa = XCBuildConfiguration;
			buildSettings = {
				ASSETCATALOG_COMPILER_APPICON_NAME = AppIcon;
				ASSETCATALOG_COMPILER_GLOBAL_ACCENT_COLOR_NAME = AccentColor;
				CODE_SIGN_STYLE = Automatic;
				CURRENT_PROJECT_VERSION = 3;
				DEVELOPMENT_ASSET_PATHS = "\"Travel with AI/Preview Content\"";
				DEVELOPMENT_TEAM = G929JT6V44;
				ENABLE_PREVIEWS = YES;
				GENERATE_INFOPLIST_FILE = YES;
				INFOPLIST_KEY_LSApplicationCategoryType = "public.app-category.travel";
				INFOPLIST_KEY_NSCameraUsageDescription = "The camera is required to allow the AI to view your surroundings and provide explanations based on what it sees.";
				INFOPLIST_KEY_NSLocationWhenInUseUsageDescription = "The app requires access to your location to provide tailored and context-specific responses about the place you are visiting. By using your location, the app delivers accurate and relevant information about the history, culture, and environment of your current destination. Without this, we wouldn’t be able to offer personalized insights specific to the place you're exploring, which is essential for the app’s functionality.";
				INFOPLIST_KEY_UIApplicationSceneManifest_Generation = YES;
				INFOPLIST_KEY_UIApplicationSupportsIndirectInputEvents = YES;
				INFOPLIST_KEY_UILaunchScreen_Generation = YES;
				INFOPLIST_KEY_UISupportedInterfaceOrientations_iPad = "UIInterfaceOrientationPortrait UIInterfaceOrientationPortraitUpsideDown UIInterfaceOrientationLandscapeLeft UIInterfaceOrientationLandscapeRight";
				INFOPLIST_KEY_UISupportedInterfaceOrientations_iPhone = "UIInterfaceOrientationPortrait UIInterfaceOrientationLandscapeLeft UIInterfaceOrientationLandscapeRight";
				LD_RUNPATH_SEARCH_PATHS = (
					"$(inherited)",
					"@executable_path/Frameworks",
				);
				MARKETING_VERSION = 1.2;
				PRODUCT_BUNDLE_IDENTIFIER = "Dreamcatcher-Mobile-Apps.Travel-with-AI";
				PRODUCT_NAME = "$(TARGET_NAME)";
				SUPPORTED_PLATFORMS = "iphoneos iphonesimulator";
				SUPPORTS_MACCATALYST = NO;
				SUPPORTS_MAC_DESIGNED_FOR_IPHONE_IPAD = NO;
				SUPPORTS_XR_DESIGNED_FOR_IPHONE_IPAD = NO;
				SWIFT_EMIT_LOC_STRINGS = YES;
				SWIFT_VERSION = 5.0;
				TARGETED_DEVICE_FAMILY = 1;
			};
			name = Release;
		};
/* End XCBuildConfiguration section */

/* Begin XCConfigurationList section */
		9989068B2D33F54800E0A4B4 /* Build configuration list for PBXProject "Travel with AI" */ = {
			isa = XCConfigurationList;
			buildConfigurations = (
				9989069C2D33F54900E0A4B4 /* Debug */,
				9989069D2D33F54900E0A4B4 /* Release */,
			);
			defaultConfigurationIsVisible = 0;
			defaultConfigurationName = Release;
		};
		9989069E2D33F54900E0A4B4 /* Build configuration list for PBXNativeTarget "Travel with AI" */ = {
			isa = XCConfigurationList;
			buildConfigurations = (
				9989069F2D33F54900E0A4B4 /* Debug */,
				998906A02D33F54900E0A4B4 /* Release */,
			);
			defaultConfigurationIsVisible = 0;
			defaultConfigurationName = Release;
		};
/* End XCConfigurationList section */

/* Begin XCRemoteSwiftPackageReference section */
		998906B12D350ABF00E0A4B4 /* XCRemoteSwiftPackageReference "firebase-ios-sdk" */ = {
			isa = XCRemoteSwiftPackageReference;
			repositoryURL = "https://github.com/firebase/firebase-ios-sdk";
			requirement = {
				kind = upToNextMajorVersion;
				minimumVersion = 11.6.0;
			};
		};
/* End XCRemoteSwiftPackageReference section */

/* Begin XCSwiftPackageProductDependency section */
		998906B22D350ABF00E0A4B4 /* FirebaseRemoteConfig */ = {
			isa = XCSwiftPackageProductDependency;
			package = 998906B12D350ABF00E0A4B4 /* XCRemoteSwiftPackageReference "firebase-ios-sdk" */;
			productName = FirebaseRemoteConfig;
		};
/* End XCSwiftPackageProductDependency section */
	};
	rootObject = 998906882D33F54800E0A4B4 /* Project object */;
}
